
Microsoft Visual Studio Solution File, Format Version 12.00
# Visual Studio Version 16
VisualStudioVersion = 16.0.29201.188
MinimumVisualStudioVersion = 10.0.40219.1
Project("{FAE04EC0-301F-11D3-BF4B-00C04F79EFBC}") = "Chall_YS_04", "Chall_YS_04\Chall_YS_04.csproj", "{BC1D2953-A377-4A11-B9A9-AD14F0D9231B}"
EndProject
Global
	GlobalSection(SolutionConfigurationPlatforms) = preSolution
		Debug|Any CPU = Debug|Any CPU
		Release|Any CPU = Release|Any CPU
	EndGlobalSection
	GlobalSection(ProjectConfigurationPlatforms) = postSolution
		{BC1D2953-A377-4A11-B9A9-AD14F0D9231B}.Debug|Any CPU.ActiveCfg = Debug|Any CPU
		{BC1D2953-A377-4A11-B9A9-AD14F0D9231B}.Debug|Any CPU.Build.0 = Debug|Any CPU
		{BC1D2953-A377-4A11-B9A9-AD14F0D9231B}.Release|Any CPU.ActiveCfg = Release|Any CPU
		{BC1D2953-A377-4A11-B9A9-AD14F0D9231B}.Release|Any CPU.Build.0 = Release|Any CPU
	EndGlobalSection
	GlobalSection(SolutionProperties) = preSolution
		HideSolutionNode = FALSE
	EndGlobalSection
	GlobalSection(ExtensibilityGlobals) = postSolution
		SolutionGuid = {CD45E344-8DD1-4E60-828E-4A2EB211B6BA}
	EndGlobalSection
EndGlobal
